
Microsoft Visual Studio Solution File, Format Version 12.00
# Visual Studio 15
VisualStudioVersion = 15.0.28307.168
MinimumVisualStudioVersion = 10.0.40219.1
Project("{FAE04EC0-301F-11D3-BF4B-00C04F79EFBC}") = "ProjetInfo_MG_DD", "ProjetInfo_MG_DD\ProjetInfo_MG_DD.csproj", "{5BEB78E7-10F0-44F2-AC3D-15C19683DADB}"
EndProject
Global
	GlobalSection(SolutionConfigurationPlatforms) = preSolution
		Debug|Any CPU = Debug|Any CPU
		Release|Any CPU = Release|Any CPU
	EndGlobalSection
	GlobalSection(ProjectConfigurationPlatforms) = postSolution
		{5BEB78E7-10F0-44F2-AC3D-15C19683DADB}.Debug|Any CPU.ActiveCfg = Debug|Any CPU
		{5BEB78E7-10F0-44F2-AC3D-15C19683DADB}.Debug|Any CPU.Build.0 = Debug|Any CPU
		{5BEB78E7-10F0-44F2-AC3D-15C19683DADB}.Release|Any CPU.ActiveCfg = Release|Any CPU
		{5BEB78E7-10F0-44F2-AC3D-15C19683DADB}.Release|Any CPU.Build.0 = Release|Any CPU
	EndGlobalSection
	GlobalSection(SolutionProperties) = preSolution
		HideSolutionNode = FALSE
	EndGlobalSection
	GlobalSection(ExtensibilityGlobals) = postSolution
		SolutionGuid = {EC665605-89A0-49D7-B0E5-C899B400FDF3}
	EndGlobalSection
EndGlobal
